// !$*UTF8*$!
{
	archiveVersion = 1;
	classes = {
	};
	objectVersion = 46;
	objects = {

/* Begin PBXBuildFile section */
		986FBBDF1D227C9A0073C8C0 /* main.m in Sources */ = {isa = PBXBuildFile; fileRef = 986FBBDE1D227C9A0073C8C0 /* main.m */; };
		986FBBE21D227C9A0073C8C0 /* AppDelegate.m in Sources */ = {isa = PBXBuildFile; fileRef = 986FBBE11D227C9A0073C8C0 /* AppDelegate.m */; };
		986FBBE51D227C9A0073C8C0 /* ViewController.m in Sources */ = {isa = PBXBuildFile; fileRef = 986FBBE41D227C9A0073C8C0 /* ViewController.m */; };
		986FBBE81D227C9A0073C8C0 /* Main.storyboard in Resources */ = {isa = PBXBuildFile; fileRef = 986FBBE61D227C9A0073C8C0 /* Main.storyboard */; };
		986FBBEA1D227C9A0073C8C0 /* Assets.xcassets in Resources */ = {isa = PBXBuildFile; fileRef = 986FBBE91D227C9A0073C8C0 /* Assets.xcassets */; };
		986FBBED1D227C9A0073C8C0 /* LaunchScreen.storyboard in Resources */ = {isa = PBXBuildFile; fileRef = 986FBBEB1D227C9A0073C8C0 /* LaunchScreen.storyboard */; };
		986FBBF51D227D5C0073C8C0 /* GBLogo.jpg in Resources */ = {isa = PBXBuildFile; fileRef = 986FBBF41D227D5C0073C8C0 /* GBLogo.jpg */; };
/* End PBXBuildFile section */

/* Begin PBXFileReference section */
		986FBBDA1D227C9A0073C8C0 /* HW_1.app */ = {isa = PBXFileReference; explicitFileType = wrapper.application; includeInIndex = 0; path = HW_1.app; sourceTree = BUILT_PRODUCTS_DIR; };
		986FBBDE1D227C9A0073C8C0 /* main.m */ = {isa = PBXFileReference; lastKnownFileType = sourcecode.c.objc; path = main.m; sourceTree = "<group>"; };
		986FBBE01D227C9A0073C8C0 /* AppDelegate.h */ = {isa = PBXFileReference; lastKnownFileType = sourcecode.c.h; path = AppDelegate.h; sourceTree = "<group>"; };
		986FBBE11D227C9A0073C8C0 /* AppDelegate.m */ = {isa = PBXFileReference; lastKnownFileType = sourcecode.c.objc; path = AppDelegate.m; sourceTree = "<group>"; };
		986FBBE31D227C9A0073C8C0 /* ViewController.h */ = {isa = PBXFileReference; lastKnownFileType = sourcecode.c.h; path = ViewController.h; sourceTree = "<group>"; };
		986FBBE41D227C9A0073C8C0 /* ViewController.m */ = {isa = PBXFileReference; lastKnownFileType = sourcecode.c.objc; path = ViewController.m; sourceTree = "<group>"; };
		986FBBE71D227C9A0073C8C0 /* Base */ = {isa = PBXFileReference; lastKnownFileType = file.storyboard; name = Base; path = Base.lproj/Main.storyboard; sourceTree = "<group>"; };
		986FBBE91D227C9A0073C8C0 /* Assets.xcassets */ = {isa = PBXFileReference; lastKnownFileType = folder.assetcatalog; path = Assets.xcassets; sourceTree = "<group>"; };
		986FBBEC1D227C9A0073C8C0 /* Base */ = {isa = PBXFileReference; lastKnownFileType = file.storyboard; name = Base; path = Base.lproj/LaunchScreen.storyboard; sourceTree = "<group>"; };
		986FBBEE1D227C9A0073C8C0 /* Info.plist */ = {isa = PBXFileReference; lastKnownFileType = text.plist.xml; path = Info.plist; sourceTree = "<group>"; };
		986FBBF41D227D5C0073C8C0 /* GBLogo.jpg */ = {isa = PBXFileReference; lastKnownFileType = image.jpeg; path = GBLogo.jpg; sourceTree = "<group>"; };
/* End PBXFileReference section */

/* Begin PBXFrameworksBuildPhase section */
		986FBBD71D227C9A0073C8C0 /* Frameworks */ = {
			isa = PBXFrameworksBuildPhase;
			buildActionMask = 2147483647;
			files = (
			);
			runOnlyForDeploymentPostprocessing = 0;
		};
/* End PBXFrameworksBuildPhase section */

/* Begin PBXGroup section */
		986FBBD11D227C9A0073C8C0 = {
			isa = PBXGroup;
			children = (
				986FBBDC1D227C9A0073C8C0 /* HW_1 */,
				986FBBDB1D227C9A0073C8C0 /* Products */,
			);
			sourceTree = "<group>";
		};
		986FBBDB1D227C9A0073C8C0 /* Products */ = {
			isa = PBXGroup;
			children = (
				986FBBDA1D227C9A0073C8C0 /* HW_1.app */,
			);
			name = Products;
			sourceTree = "<group>";
		};
		986FBBDC1D227C9A0073C8C0 /* HW_1 */ = {
			isa = PBXGroup;
			children = (
				986FBBE01D227C9A0073C8C0 /* AppDelegate.h */,
				986FBBE11D227C9A0073C8C0 /* AppDelegate.m */,
				986FBBE31D227C9A0073C8C0 /* ViewController.h */,
				986FBBE41D227C9A0073C8C0 /* ViewController.m */,
				986FBBE61D227C9A0073C8C0 /* Main.storyboard */,
				986FBBE91D227C9A0073C8C0 /* Assets.xcassets */,
				986FBBEB1D227C9A0073C8C0 /* LaunchScreen.storyboard */,
				986FBBEE1D227C9A0073C8C0 /* Info.plist */,
				986FBBDD1D227C9A0073C8C0 /* Supporting Files */,
			);
			path = HW_1;
			sourceTree = "<group>";
		};
		986FBBDD1D227C9A0073C8C0 /* Supporting Files */ = {
			isa = PBXGroup;
			children = (
				986FBBF41D227D5C0073C8C0 /* GBLogo.jpg */,
				986FBBDE1D227C9A0073C8C0 /* main.m */,
			);
			name = "Supporting Files";
			sourceTree = "<group>";
		};
/* End PBXGroup section */

/* Begin PBXNativeTarget section */
		986FBBD91D227C9A0073C8C0 /* HW_1 */ = {
			isa = PBXNativeTarget;
			buildConfigurationList = 986FBBF11D227C9A0073C8C0 /* Build configuration list for PBXNativeTarget "HW_1" */;
			buildPhases = (
				986FBBD61D227C9A0073C8C0 /* Sources */,
				986FBBD71D227C9A0073C8C0 /* Frameworks */,
				986FBBD81D227C9A0073C8C0 /* Resources */,
			);
			buildRules = (
			);
			dependencies = (
			);
			name = HW_1;
			productName = HW_1;
			productReference = 986FBBDA1D227C9A0073C8C0 /* HW_1.app */;
			productType = "com.apple.product-type.application";
		};
/* End PBXNativeTarget section */

/* Begin PBXProject section */
		986FBBD21D227C9A0073C8C0 /* Project object */ = {
			isa = PBXProject;
			attributes = {
				LastUpgradeCheck = 0730;
				ORGANIZATIONNAME = "Alexey Efimov";
				TargetAttributes = {
					986FBBD91D227C9A0073C8C0 = {
						CreatedOnToolsVersion = 7.3.1;
					};
				};
			};
			buildConfigurationList = 986FBBD51D227C9A0073C8C0 /* Build configuration list for PBXProject "HW_1" */;
			compatibilityVersion = "Xcode 3.2";
			developmentRegion = English;
			hasScannedForEncodings = 0;
			knownRegions = (
				en,
				Base,
			);
			mainGroup = 986FBBD11D227C9A0073C8C0;
			productRefGroup = 986FBBDB1D227C9A0073C8C0 /* Products */;
			projectDirPath = "";
			projectRoot = "";
			targets = (
				986FBBD91D227C9A0073C8C0 /* HW_1 */,
			);
		};
/* End PBXProject section */

/* Begin PBXResourcesBuildPhase section */
		986FBBD81D227C9A0073C8C0 /* Resources */ = {
			isa = PBXResourcesBuildPhase;
			buildActionMask = 2147483647;
			files = (
				986FBBED1D227C9A0073C8C0 /* LaunchScreen.storyboard in Resources */,
				986FBBEA1D227C9A0073C8C0 /* Assets.xcassets in Resources */,
				986FBBE81D227C9A0073C8C0 /* Main.storyboard in Resources */,
				986FBBF51D227D5C0073C8C0 /* GBLogo.jpg in Resources */,
			);
			runOnlyForDeploymentPostprocessing = 0;
		};
/* End PBXResourcesBuildPhase section */

/* Begin PBXSourcesBuildPhase section */
		986FBBD61D227C9A0073C8C0 /* Sources */ = {
			isa = PBXSourcesBuildPhase;
			buildActionMask = 2147483647;
			files = (
				986FBBE51D227C9A0073C8C0 /* ViewController.m in Sources */,
				986FBBE21D227C9A0073C8C0 /* AppDelegate.m in Sources */,
				986FBBDF1D227C9A0073C8C0 /* main.m in Sources */,
			);
			runOnlyForDeploymentPostprocessing = 0;
		};
/* End PBXSourcesBuildPhase section */

/* Begin PBXVariantGroup section */
		986FBBE61D227C9A0073C8C0 /* Main.storyboard */ = {
			isa = PBXVariantGroup;
			children = (
				986FBBE71D227C9A0073C8C0 /* Base */,
			);
			name = Main.storyboard;
			sourceTree = "<group>";
		};
		986FBBEB1D227C9A0073C8C0 /* LaunchScreen.storyboard */ = {
			isa = PBXVariantGroup;
			children = (
				986FBBEC1D227C9A0073C8C0 /* Base */,
			);
			name = LaunchScreen.storyboard;
			sourceTree = "<group>";
		};
/* End PBXVariantGroup section */

/* Begin XCBuildConfiguration section */
		986FBBEF1D227C9A0073C8C0 /* Debug */ = {
			isa = XCBuildConfiguration;
			buildSettings = {
				ALWAYS_SEARCH_USER_PATHS = NO;
				CLANG_ANALYZER_NONNULL = YES;
				CLANG_CXX_LANGUAGE_STANDARD = "gnu++0x";
				CLANG_CXX_LIBRARY = "libc++";
				CLANG_ENABLE_MODULES = YES;
				CLANG_ENABLE_OBJC_ARC = YES;
				CLANG_WARN_BOOL_CONVERSION = YES;
				CLANG_WARN_CONSTANT_CONVERSION = YES;
				CLANG_WARN_DIRECT_OBJC_ISA_USAGE = YES_ERROR;
				CLANG_WARN_EMPTY_BODY = YES;
				CLANG_WARN_ENUM_CONVERSION = YES;
				CLANG_WARN_INT_CONVERSION = YES;
				CLANG_WARN_OBJC_ROOT_CLASS = YES_ERROR;
				CLANG_WARN_UNREACHABLE_CODE = YES;
				CLANG_WARN__DUPLICATE_METHOD_MATCH = YES;
				"CODE_SIGN_IDENTITY[sdk=iphoneos*]" = "iPhone Developer";
				COPY_PHASE_STRIP = NO;
				DEBUG_INFORMATION_FORMAT = dwarf;
				ENABLE_STRICT_OBJC_MSGSEND = YES;
				ENABLE_TESTABILITY = YES;
				GCC_C_LANGUAGE_STANDARD = gnu99;
				GCC_DYNAMIC_NO_PIC = NO;
				GCC_NO_COMMON_BLOCKS = YES;
				GCC_OPTIMIZATION_LEVEL = 0;
				GCC_PREPROCESSOR_DEFINITIONS = (
					"DEBUG=1",
					"$(inherited)",
				);
				GCC_WARN_64_TO_32_BIT_CONVERSION = YES;
				GCC_WARN_ABOUT_RETURN_TYPE = YES_ERROR;
				GCC_WARN_UNDECLARED_SELECTOR = YES;
				GCC_WARN_UNINITIALIZED_AUTOS = YES_AGGRESSIVE;
				GCC_WARN_UNUSED_FUNCTION = YES;
				GCC_WARN_UNUSED_VARIABLE = YES;
				IPHONEOS_DEPLOYMENT_TARGET = 9.3;
				MTL_ENABLE_DEBUG_INFO = YES;
				ONLY_ACTIVE_ARCH = YES;
				SDKROOT = iphoneos;
			};
			name = Debug;
		};
		986FBBF01D227C9A0073C8C0 /* Release */ = {
			isa = XCBuildConfiguration;
			buildSettings = {
				ALWAYS_SEARCH_USER_PATHS = NO;
				CLANG_ANALYZER_NONNULL = YES;
				CLANG_CXX_LANGUAGE_STANDARD = "gnu++0x";
				CLANG_CXX_LIBRARY = "libc++";
				CLANG_ENABLE_MODULES = YES;
				CLANG_ENABLE_OBJC_ARC = YES;
				CLANG_WARN_BOOL_CONVERSION = YES;
				CLANG_WARN_CONSTANT_CONVERSION = YES;
				CLANG_WARN_DIRECT_OBJC_ISA_USAGE = YES_ERROR;
				CLANG_WARN_EMPTY_BODY = YES;
				CLANG_WARN_ENUM_CONVERSION = YES;
				CLANG_WARN_INT_CONVERSION = YES;
				CLANG_WARN_OBJC_ROOT_CLASS = YES_ERROR;
				CLANG_WARN_UNREACHABLE_CODE = YES;
				CLANG_WARN__DUPLICATE_METHOD_MATCH = YES;
				"CODE_SIGN_IDENTITY[sdk=iphoneos*]" = "iPhone Developer";
				COPY_PHASE_STRIP = NO;
				DEBUG_INFORMATION_FORMAT = "dwarf-with-dsym";
				ENABLE_NS_ASSERTIONS = NO;
				ENABLE_STRICT_OBJC_MSGSEND = YES;
				GCC_C_LANGUAGE_STANDARD = gnu99;
				GCC_NO_COMMON_BLOCKS = YES;
				GCC_WARN_64_TO_32_BIT_CONVERSION = YES;
				GCC_WARN_ABOUT_RETURN_TYPE = YES_ERROR;
				GCC_WARN_UNDECLARED_SELECTOR = YES;
				GCC_WARN_UNINITIALIZED_AUTOS = YES_AGGRESSIVE;
				GCC_WARN_UNUSED_FUNCTION = YES;
				GCC_WARN_UNUSED_VARIABLE = YES;
				IPHONEOS_DEPLOYMENT_TARGET = 9.3;
				MTL_ENABLE_DEBUG_INFO = NO;
				SDKROOT = iphoneos;
				VALIDATE_PRODUCT = YES;
			};
			name = Release;
		};
		986FBBF21D227C9A0073C8C0 /* Debug */ = {
			isa = XCBuildConfiguration;
			buildSettings = {
				ASSETCATALOG_COMPILER_APPICON_NAME = AppIcon;
				INFOPLIST_FILE = HW_1/Info.plist;
				IPHONEOS_DEPLOYMENT_TARGET = 8.0;
				LD_RUNPATH_SEARCH_PATHS = "$(inherited) @executable_path/Frameworks";
				PRODUCT_BUNDLE_IDENTIFIER = "GeekBrains.HW-1";
				PRODUCT_NAME = "$(TARGET_NAME)";
			};
			name = Debug;
		};
		986FBBF31D227C9A0073C8C0 /* Release */ = {
			isa = XCBuildConfiguration;
			buildSettings = {
				ASSETCATALOG_COMPILER_APPICON_NAME = AppIcon;
				INFOPLIST_FILE = HW_1/Info.plist;
				IPHONEOS_DEPLOYMENT_TARGET = 8.0;
				LD_RUNPATH_SEARCH_PATHS = "$(inherited) @executable_path/Frameworks";
				PRODUCT_BUNDLE_IDENTIFIER = "GeekBrains.HW-1";
				PRODUCT_NAME = "$(TARGET_NAME)";
			};
			name = Release;
		};
/* End XCBuildConfiguration section */

/* Begin XCConfigurationList section */
		986FBBD51D227C9A0073C8C0 /* Build configuration list for PBXProject "HW_1" */ = {
			isa = XCConfigurationList;
			buildConfigurations = (
				986FBBEF1D227C9A0073C8C0 /* Debug */,
				986FBBF01D227C9A0073C8C0 /* Release */,
			);
			defaultConfigurationIsVisible = 0;
			defaultConfigurationName = Release;
		};
		986FBBF11D227C9A0073C8C0 /* Build configuration list for PBXNativeTarget "HW_1" */ = {
			isa = XCConfigurationList;
			buildConfigurations = (
				986FBBF21D227C9A0073C8C0 /* Debug */,
				986FBBF31D227C9A0073C8C0 /* Release */,
			);
			defaultConfigurationIsVisible = 0;
		};
/* End XCConfigurationList section */
	};
	rootObject = 986FBBD21D227C9A0073C8C0 /* Project object */;
}
